
Microsoft Visual Studio Solution File, Format Version 12.00
# Visual Studio 2015
VisualStudioVersion = 14.0.23107.0
# Visual Studio 2013
#VisualStudioVersion = 12.0.31101.0
MinimumVisualStudioVersion = 10.0.40219.1
Project("{FAE04EC0-301F-11D3-BF4B-00C04F79EFBC}") = "UsStateMapper", "UsStateMapper\UsStateMapper.csproj", "{92A5F6A9-EECF-4D3B-97EC-D25F54B8A4B0}"
EndProject
Project("{FAE04EC0-301F-11D3-BF4B-00C04F79EFBC}") = "UsStateMapper.Tests", "UsStateMapper.Tests\UsStateMapper.Tests.csproj", "{1F04628F-4BB9-42B5-AA42-CB82FE364383}"
EndProject
Global
	GlobalSection(SolutionConfigurationPlatforms) = preSolution
		Debug|Any CPU = Debug|Any CPU
		Release|Any CPU = Release|Any CPU
	EndGlobalSection
	GlobalSection(ProjectConfigurationPlatforms) = postSolution
		{92A5F6A9-EECF-4D3B-97EC-D25F54B8A4B0}.Debug|Any CPU.ActiveCfg = Debug|Any CPU
		{92A5F6A9-EECF-4D3B-97EC-D25F54B8A4B0}.Debug|Any CPU.Build.0 = Debug|Any CPU
		{92A5F6A9-EECF-4D3B-97EC-D25F54B8A4B0}.Release|Any CPU.ActiveCfg = Release|Any CPU
		{92A5F6A9-EECF-4D3B-97EC-D25F54B8A4B0}.Release|Any CPU.Build.0 = Release|Any CPU
		{1F04628F-4BB9-42B5-AA42-CB82FE364383}.Debug|Any CPU.ActiveCfg = Debug|Any CPU
		{1F04628F-4BB9-42B5-AA42-CB82FE364383}.Debug|Any CPU.Build.0 = Debug|Any CPU
		{1F04628F-4BB9-42B5-AA42-CB82FE364383}.Release|Any CPU.ActiveCfg = Release|Any CPU
		{1F04628F-4BB9-42B5-AA42-CB82FE364383}.Release|Any CPU.Build.0 = Release|Any CPU
	EndGlobalSection
	GlobalSection(SolutionProperties) = preSolution
		HideSolutionNode = FALSE
	EndGlobalSection
EndGlobal
